
Microsoft Visual Studio Solution File, Format Version 12.00
# Visual Studio Version 17
VisualStudioVersion = 17.0.31903.59
MinimumVisualStudioVersion = 10.0.40219.1
Project("{FAE04EC0-301F-11D3-BF4B-00C04F79EFBC}") = "AsyncEnumerable.Spikes", "AsyncEnumerable.Spikes\AsyncEnumerable.Spikes.csproj", "{78A41279-22CF-4F99-854A-809664452CC0}"
EndProject
Project("{FAE04EC0-301F-11D3-BF4B-00C04F79EFBC}") = "ConsoleProfile", "ConsoleProfile\ConsoleProfile.csproj", "{B0E22DEC-2444-4555-BD5E-D1DD3BA2C800}"
EndProject
Project("{FAE04EC0-301F-11D3-BF4B-00C04F79EFBC}") = "Benchmarks", "Benchmarks\Benchmarks.csproj", "{619AD9B9-824A-44EA-81C4-64D89FC5848B}"
EndProject
Global
	GlobalSection(SolutionConfigurationPlatforms) = preSolution
		Debug|Any CPU = Debug|Any CPU
		Release|Any CPU = Release|Any CPU
	EndGlobalSection
	GlobalSection(SolutionProperties) = preSolution
		HideSolutionNode = FALSE
	EndGlobalSection
	GlobalSection(ProjectConfigurationPlatforms) = postSolution
		{78A41279-22CF-4F99-854A-809664452CC0}.Debug|Any CPU.ActiveCfg = Debug|Any CPU
		{78A41279-22CF-4F99-854A-809664452CC0}.Debug|Any CPU.Build.0 = Debug|Any CPU
		{78A41279-22CF-4F99-854A-809664452CC0}.Release|Any CPU.ActiveCfg = Release|Any CPU
		{78A41279-22CF-4F99-854A-809664452CC0}.Release|Any CPU.Build.0 = Release|Any CPU
		{B0E22DEC-2444-4555-BD5E-D1DD3BA2C800}.Debug|Any CPU.ActiveCfg = Debug|Any CPU
		{B0E22DEC-2444-4555-BD5E-D1DD3BA2C800}.Debug|Any CPU.Build.0 = Debug|Any CPU
		{B0E22DEC-2444-4555-BD5E-D1DD3BA2C800}.Release|Any CPU.ActiveCfg = Release|Any CPU
		{B0E22DEC-2444-4555-BD5E-D1DD3BA2C800}.Release|Any CPU.Build.0 = Release|Any CPU
		{619AD9B9-824A-44EA-81C4-64D89FC5848B}.Debug|Any CPU.ActiveCfg = Debug|Any CPU
		{619AD9B9-824A-44EA-81C4-64D89FC5848B}.Debug|Any CPU.Build.0 = Debug|Any CPU
		{619AD9B9-824A-44EA-81C4-64D89FC5848B}.Release|Any CPU.ActiveCfg = Release|Any CPU
		{619AD9B9-824A-44EA-81C4-64D89FC5848B}.Release|Any CPU.Build.0 = Release|Any CPU
	EndGlobalSection
EndGlobal
